
Microsoft Visual Studio Solution File, Format Version 12.00
# Visual Studio Version 17
VisualStudioVersion = 17.5.2.0
MinimumVisualStudioVersion = 10.0.40219.1
Project("{FAE04EC0-301F-11D3-BF4B-00C04F79EFBC}") = "WuLangSpellcraft", "WuLangSpellcraft\WuLangSpellcraft.csproj", "{F9B7DC2A-7741-DDC2-44D3-CBAE78A0B12F}"
EndProject
Project("{FAE04EC0-301F-11D3-BF4B-00C04F79EFBC}") = "WuLangSpellcraft.Demo", "WuLangSpellcraft.Demo\WuLangSpellcraft.Demo.csproj", "{5403BBF5-D8BD-4988-A5C0-36BB69773CC9}"
EndProject
Project("{FAE04EC0-301F-11D3-BF4B-00C04F79EFBC}") = "WuLangSpellcraft.Renderer", "WuLangSpellcraft.Renderer\WuLangSpellcraft.Renderer.csproj", "{A226DA64-4C82-4F38-B331-4E536E7F5D1E}"
EndProject
Global
	GlobalSection(SolutionConfigurationPlatforms) = preSolution
		Debug|Any CPU = Debug|Any CPU
		Debug|x64 = Debug|x64
		Debug|x86 = Debug|x86
		Release|Any CPU = Release|Any CPU
		Release|x64 = Release|x64
		Release|x86 = Release|x86
	EndGlobalSection
	GlobalSection(ProjectConfigurationPlatforms) = postSolution
		{F9B7DC2A-7741-DDC2-44D3-CBAE78A0B12F}.Debug|Any CPU.ActiveCfg = Debug|Any CPU
		{F9B7DC2A-7741-DDC2-44D3-CBAE78A0B12F}.Debug|Any CPU.Build.0 = Debug|Any CPU
		{F9B7DC2A-7741-DDC2-44D3-CBAE78A0B12F}.Debug|x64.ActiveCfg = Debug|Any CPU
		{F9B7DC2A-7741-DDC2-44D3-CBAE78A0B12F}.Debug|x64.Build.0 = Debug|Any CPU
		{F9B7DC2A-7741-DDC2-44D3-CBAE78A0B12F}.Debug|x86.ActiveCfg = Debug|Any CPU
		{F9B7DC2A-7741-DDC2-44D3-CBAE78A0B12F}.Debug|x86.Build.0 = Debug|Any CPU
		{F9B7DC2A-7741-DDC2-44D3-CBAE78A0B12F}.Release|Any CPU.ActiveCfg = Release|Any CPU
		{F9B7DC2A-7741-DDC2-44D3-CBAE78A0B12F}.Release|Any CPU.Build.0 = Release|Any CPU
		{F9B7DC2A-7741-DDC2-44D3-CBAE78A0B12F}.Release|x64.ActiveCfg = Release|Any CPU
		{F9B7DC2A-7741-DDC2-44D3-CBAE78A0B12F}.Release|x64.Build.0 = Release|Any CPU
		{F9B7DC2A-7741-DDC2-44D3-CBAE78A0B12F}.Release|x86.ActiveCfg = Release|Any CPU
		{F9B7DC2A-7741-DDC2-44D3-CBAE78A0B12F}.Release|x86.Build.0 = Release|Any CPU
		{5403BBF5-D8BD-4988-A5C0-36BB69773CC9}.Debug|Any CPU.ActiveCfg = Debug|Any CPU
		{5403BBF5-D8BD-4988-A5C0-36BB69773CC9}.Debug|Any CPU.Build.0 = Debug|Any CPU
		{5403BBF5-D8BD-4988-A5C0-36BB69773CC9}.Debug|x64.ActiveCfg = Debug|Any CPU
		{5403BBF5-D8BD-4988-A5C0-36BB69773CC9}.Debug|x64.Build.0 = Debug|Any CPU
		{5403BBF5-D8BD-4988-A5C0-36BB69773CC9}.Debug|x86.ActiveCfg = Debug|Any CPU
		{5403BBF5-D8BD-4988-A5C0-36BB69773CC9}.Debug|x86.Build.0 = Debug|Any CPU
		{5403BBF5-D8BD-4988-A5C0-36BB69773CC9}.Release|Any CPU.ActiveCfg = Release|Any CPU
		{5403BBF5-D8BD-4988-A5C0-36BB69773CC9}.Release|Any CPU.Build.0 = Release|Any CPU
		{5403BBF5-D8BD-4988-A5C0-36BB69773CC9}.Release|x64.ActiveCfg = Release|Any CPU
		{5403BBF5-D8BD-4988-A5C0-36BB69773CC9}.Release|x64.Build.0 = Release|Any CPU
		{5403BBF5-D8BD-4988-A5C0-36BB69773CC9}.Release|x86.ActiveCfg = Release|Any CPU
		{5403BBF5-D8BD-4988-A5C0-36BB69773CC9}.Release|x86.Build.0 = Release|Any CPU
		{A226DA64-4C82-4F38-B331-4E536E7F5D1E}.Debug|Any CPU.ActiveCfg = Debug|Any CPU
		{A226DA64-4C82-4F38-B331-4E536E7F5D1E}.Debug|Any CPU.Build.0 = Debug|Any CPU
		{A226DA64-4C82-4F38-B331-4E536E7F5D1E}.Debug|x64.ActiveCfg = Debug|Any CPU
		{A226DA64-4C82-4F38-B331-4E536E7F5D1E}.Debug|x64.Build.0 = Debug|Any CPU
		{A226DA64-4C82-4F38-B331-4E536E7F5D1E}.Debug|x86.ActiveCfg = Debug|Any CPU
		{A226DA64-4C82-4F38-B331-4E536E7F5D1E}.Debug|x86.Build.0 = Debug|Any CPU
		{A226DA64-4C82-4F38-B331-4E536E7F5D1E}.Release|Any CPU.ActiveCfg = Release|Any CPU
		{A226DA64-4C82-4F38-B331-4E536E7F5D1E}.Release|Any CPU.Build.0 = Release|Any CPU
		{A226DA64-4C82-4F38-B331-4E536E7F5D1E}.Release|x64.ActiveCfg = Release|Any CPU
		{A226DA64-4C82-4F38-B331-4E536E7F5D1E}.Release|x64.Build.0 = Release|Any CPU
		{A226DA64-4C82-4F38-B331-4E536E7F5D1E}.Release|x86.ActiveCfg = Release|Any CPU
		{A226DA64-4C82-4F38-B331-4E536E7F5D1E}.Release|x86.Build.0 = Release|Any CPU
	EndGlobalSection
	GlobalSection(SolutionProperties) = preSolution
		HideSolutionNode = FALSE
	EndGlobalSection
	GlobalSection(ExtensibilityGlobals) = postSolution
		SolutionGuid = {32456BF7-B81A-4477-B3FD-4FA6C53B8378}
	EndGlobalSection
EndGlobal
